Microsoft Visual Studio Solution File, Format Version 12.00
# Visual Studio Version 17
VisualStudioVersion = 17.5.2.0
MinimumVisualStudioVersion = 10.0.40219.1
Project("{FAE04EC0-301F-11D3-BF4B-00C04F79EFBC}") = "ShieldMod", "ShieldMod.csproj", "{9C02AFAF-D8D3-D026-FD5B-3D78BAD5D65D}"
EndProject
Global
	GlobalSection(SolutionConfigurationPlatforms) = preSolution
		Debug|Any CPU = Debug|Any CPU
		Release|Any CPU = Release|Any CPU
	EndGlobalSection
	GlobalSection(ProjectConfigurationPlatforms) = postSolution
		{9C02AFAF-D8D3-D026-FD5B-3D78BAD5D65D}.Debug|Any CPU.ActiveCfg = Debug|Any CPU
		{9C02AFAF-D8D3-D026-FD5B-3D78BAD5D65D}.Debug|Any CPU.Build.0 = Debug|Any CPU
		{9C02AFAF-D8D3-D026-FD5B-3D78BAD5D65D}.Release|Any CPU.ActiveCfg = Release|Any CPU
		{9C02AFAF-D8D3-D026-FD5B-3D78BAD5D65D}.Release|Any CPU.Build.0 = Release|Any CPU
	EndGlobalSection
	GlobalSection(SolutionProperties) = preSolution
		HideSolutionNode = FALSE
	EndGlobalSection
	GlobalSection(ExtensibilityGlobals) = postSolution
		SolutionGuid = {5A502CC1-0808-4DB3-A777-7EB54C3A7291}
	EndGlobalSection
EndGlobal
